{
  "name": "resume",
  "version": "1.0.0",
  "lockfileVersion": 1,
  "requires": true,
  "dependencies": {
    "markdown-html": {
      "version": "0.0.8",
      "resolved": "https://registry.npmjs.org/markdown-html/-/markdown-html-0.0.8.tgz",
      "integrity": "sha1-TR1C1KAmITbvIjBryVQg1jD5FUk=",
      "dev": true,
      "requires": {
        "marked": "^0.3.2",
        "mu2": "~0.5.14",
        "optimist": "~0.3.4"
      }
    },
    "marked": {
      "version": "0.3.19",
      "resolved": "https://registry.npmjs.org/marked/-/marked-0.3.19.tgz",
      "integrity": "sha512-ea2eGWOqNxPcXv8dyERdSr/6FmzvWwzjMxpfGB/sbMccXoct+xY+YukPD+QTUZwyvK7BZwcr4m21WBOW41pAkg==",
      "dev": true
    },
    "mu2": {
      "version": "0.5.21",
      "resolved": "https://registry.npmjs.org/mu2/-/mu2-0.5.21.tgz",
      "integrity": "sha1-iIqPD9kOsc/anbgUdvbhmcyeWNM=",
      "dev": true
    },
    "optimist": {
      "version": "0.3.7",
      "resolved": "https://registry.npmjs.org/optimist/-/optimist-0.3.7.tgz",
      "integrity": "sha1-yQlBrVnkJzMokjB00s8ufLxuwNk=",
      "dev": true,
      "requires": {
        "wordwrap": "~0.0.2"
      }
    },
    "wordwrap": {
      "version": "0.0.3",
      "resolved": "https://registry.npmjs.org/wordwrap/-/wordwrap-0.0.3.tgz",
      "integrity": "sha1-o9XabNXAvAAI03I0u68b7WMFkQc=",
      "dev": true
    }
  }
}
